
Microsoft Visual Studio Solution File, Format Version 12.00
# Visual Studio Version 17
VisualStudioVersion = 17.9.34701.34
MinimumVisualStudioVersion = 10.0.40219.1
Project("{FAE04EC0-301F-11D3-BF4B-00C04F79EFBC}") = "Retoxikáló", "Retoxikáló\Retoxikáló.csproj", "{CB1974D5-465E-4CC0-AF80-48136FEBE745}"
EndProject
Global
	GlobalSection(SolutionConfigurationPlatforms) = preSolution
		Debug|Any CPU = Debug|Any CPU
		Release|Any CPU = Release|Any CPU
	EndGlobalSection
	GlobalSection(ProjectConfigurationPlatforms) = postSolution
		{CB1974D5-465E-4CC0-AF80-48136FEBE745}.Debug|Any CPU.ActiveCfg = Debug|Any CPU
		{CB1974D5-465E-4CC0-AF80-48136FEBE745}.Debug|Any CPU.Build.0 = Debug|Any CPU
		{CB1974D5-465E-4CC0-AF80-48136FEBE745}.Release|Any CPU.ActiveCfg = Release|Any CPU
		{CB1974D5-465E-4CC0-AF80-48136FEBE745}.Release|Any CPU.Build.0 = Release|Any CPU
	EndGlobalSection
	GlobalSection(SolutionProperties) = preSolution
		HideSolutionNode = FALSE
	EndGlobalSection
	GlobalSection(ExtensibilityGlobals) = postSolution
		SolutionGuid = {5CB087F2-20EE-4EE1-AE2D-D372C7D2DC20}
	EndGlobalSection
EndGlobal
